// !$*UTF8*$!
{
	archiveVersion = 1;
	classes = {
	};
	objectVersion = 56;
	objects = {

/* Begin PBXBuildFile section */
		8F6E8FD22AE74FF300803D74 /* CarNavigationWithKAITOApp.swift in Sources */ = {isa = PBXBuildFile; fileRef = 8F6E8FD12AE74FF300803D74 /* CarNavigationWithKAITOApp.swift */; };
		8F6E8FD42AE74FF300803D74 /* ContentView.swift in Sources */ = {isa = PBXBuildFile; fileRef = 8F6E8FD32AE74FF300803D74 /* ContentView.swift */; };
		8F6E8FD62AE74FF300803D74 /* Assets.xcassets in Resources */ = {isa = PBXBuildFile; fileRef = 8F6E8FD52AE74FF300803D74 /* Assets.xcassets */; };
		8F6E8FD92AE74FF300803D74 /* Preview Assets.xcassets in Resources */ = {isa = PBXBuildFile; fileRef = 8F6E8FD82AE74FF300803D74 /* Preview Assets.xcassets */; };
		8F6E8FE32AE74FF400803D74 /* CarNavigationWithKAITOTests.swift in Sources */ = {isa = PBXBuildFile; fileRef = 8F6E8FE22AE74FF400803D74 /* CarNavigationWithKAITOTests.swift */; };
		8F6E8FED2AE74FF400803D74 /* CarNavigationWithKAITOUITests.swift in Sources */ = {isa = PBXBuildFile; fileRef = 8F6E8FEC2AE74FF400803D74 /* CarNavigationWithKAITOUITests.swift */; };
		8F6E8FEF2AE74FF400803D74 /* CarNavigationWithKAITOUITestsLaunchTests.swift in Sources */ = {isa = PBXBuildFile; fileRef = 8F6E8FEE2AE74FF400803D74 /* CarNavigationWithKAITOUITestsLaunchTests.swift */; };
/* End PBXBuildFile section */

/* Begin PBXContainerItemProxy section */
		8F6E8FDF2AE74FF400803D74 /* PBXContainerItemProxy */ = {
			isa = PBXContainerItemProxy;
			containerPortal = 8F6E8FC62AE74FF300803D74 /* Project object */;
			proxyType = 1;
			remoteGlobalIDString = 8F6E8FCD2AE74FF300803D74;
			remoteInfo = CarNavigationWithKAITO;
		};
		8F6E8FE92AE74FF400803D74 /* PBXContainerItemProxy */ = {
			isa = PBXContainerItemProxy;
			containerPortal = 8F6E8FC62AE74FF300803D74 /* Project object */;
			proxyType = 1;
			remoteGlobalIDString = 8F6E8FCD2AE74FF300803D74;
			remoteInfo = CarNavigationWithKAITO;
		};
/* End PBXContainerItemProxy section */

/* Begin PBXFileReference section */
		8F6E8FCE2AE74FF300803D74 /* CarNavigationWithKAITO.app */ = {isa = PBXFileReference; explicitFileType = wrapper.application; includeInIndex = 0; path = CarNavigationWithKAITO.app; sourceTree = BUILT_PRODUCTS_DIR; };
		8F6E8FD12AE74FF300803D74 /* CarNavigationWithKAITOApp.swift */ = {isa = PBXFileReference; lastKnownFileType = sourcecode.swift; path = CarNavigationWithKAITOApp.swift; sourceTree = "<group>"; };
		8F6E8FD32AE74FF300803D74 /* ContentView.swift */ = {isa = PBXFileReference; lastKnownFileType = sourcecode.swift; path = ContentView.swift; sourceTree = "<group>"; };
		8F6E8FD52AE74FF300803D74 /* Assets.xcassets */ = {isa = PBXFileReference; lastKnownFileType = folder.assetcatalog; path = Assets.xcassets; sourceTree = "<group>"; };
		8F6E8FD82AE74FF300803D74 /* Preview Assets.xcassets */ = {isa = PBXFileReference; lastKnownFileType = folder.assetcatalog; path = "Preview Assets.xcassets"; sourceTree = "<group>"; };
		8F6E8FDE2AE74FF400803D74 /* CarNavigationWithKAITOTests.xctest */ = {isa = PBXFileReference; explicitFileType = wrapper.cfbundle; includeInIndex = 0; path = CarNavigationWithKAITOTests.xctest; sourceTree = BUILT_PRODUCTS_DIR; };
		8F6E8FE22AE74FF400803D74 /* CarNavigationWithKAITOTests.swift */ = {isa = PBXFileReference; lastKnownFileType = sourcecode.swift; path = CarNavigationWithKAITOTests.swift; sourceTree = "<group>"; };
		8F6E8FE82AE74FF400803D74 /* CarNavigationWithKAITOUITests.xctest */ = {isa = PBXFileReference; explicitFileType = wrapper.cfbundle; includeInIndex = 0; path = CarNavigationWithKAITOUITests.xctest; sourceTree = BUILT_PRODUCTS_DIR; };
		8F6E8FEC2AE74FF400803D74 /* CarNavigationWithKAITOUITests.swift */ = {isa = PBXFileReference; lastKnownFileType = sourcecode.swift; path = CarNavigationWithKAITOUITests.swift; sourceTree = "<group>"; };
		8F6E8FEE2AE74FF400803D74 /* CarNavigationWithKAITOUITestsLaunchTests.swift */ = {isa = PBXFileReference; lastKnownFileType = sourcecode.swift; path = CarNavigationWithKAITOUITestsLaunchTests.swift; sourceTree = "<group>"; };
/* End PBXFileReference section */

/* Begin PBXFrameworksBuildPhase section */
		8F6E8FCB2AE74FF300803D74 /* Frameworks */ = {
			isa = PBXFrameworksBuildPhase;
			buildActionMask = 2147483647;
			files = (
			);
			runOnlyForDeploymentPostprocessing = 0;
		};
		8F6E8FDB2AE74FF400803D74 /* Frameworks */ = {
			isa = PBXFrameworksBuildPhase;
			buildActionMask = 2147483647;
			files = (
			);
			runOnlyForDeploymentPostprocessing = 0;
		};
		8F6E8FE52AE74FF400803D74 /* Frameworks */ = {
			isa = PBXFrameworksBuildPhase;
			buildActionMask = 2147483647;
			files = (
			);
			runOnlyForDeploymentPostprocessing = 0;
		};
/* End PBXFrameworksBuildPhase section */

/* Begin PBXGroup section */
		8F6E8FC52AE74FF300803D74 = {
			isa = PBXGroup;
			children = (
				8F6E8FD02AE74FF300803D74 /* CarNavigationWithKAITO */,
				8F6E8FE12AE74FF400803D74 /* CarNavigationWithKAITOTests */,
				8F6E8FEB2AE74FF400803D74 /* CarNavigationWithKAITOUITests */,
				8F6E8FCF2AE74FF300803D74 /* Products */,
			);
			sourceTree = "<group>";
		};
		8F6E8FCF2AE74FF300803D74 /* Products */ = {
			isa = PBXGroup;
			children = (
				8F6E8FCE2AE74FF300803D74 /* CarNavigationWithKAITO.app */,
				8F6E8FDE2AE74FF400803D74 /* CarNavigationWithKAITOTests.xctest */,
				8F6E8FE82AE74FF400803D74 /* CarNavigationWithKAITOUITests.xctest */,
			);
			name = Products;
			sourceTree = "<group>";
		};
		8F6E8FD02AE74FF300803D74 /* CarNavigationWithKAITO */ = {
			isa = PBXGroup;
			children = (
				8F6E8FD12AE74FF300803D74 /* CarNavigationWithKAITOApp.swift */,
				8F6E8FD32AE74FF300803D74 /* ContentView.swift */,
				8F6E8FD52AE74FF300803D74 /* Assets.xcassets */,
				8F6E8FD72AE74FF300803D74 /* Preview Content */,
			);
			path = CarNavigationWithKAITO;
			sourceTree = "<group>";
		};
		8F6E8FD72AE74FF300803D74 /* Preview Content */ = {
			isa = PBXGroup;
			children = (
				8F6E8FD82AE74FF300803D74 /* Preview Assets.xcassets */,
			);
			path = "Preview Content";
			sourceTree = "<group>";
		};
		8F6E8FE12AE74FF400803D74 /* CarNavigationWithKAITOTests */ = {
			isa = PBXGroup;
			children = (
				8F6E8FE22AE74FF400803D74 /* CarNavigationWithKAITOTests.swift */,
			);
			path = CarNavigationWithKAITOTests;
			sourceTree = "<group>";
		};
		8F6E8FEB2AE74FF400803D74 /* CarNavigationWithKAITOUITests */ = {
			isa = PBXGroup;
			children = (
				8F6E8FEC2AE74FF400803D74 /* CarNavigationWithKAITOUITests.swift */,
				8F6E8FEE2AE74FF400803D74 /* CarNavigationWithKAITOUITestsLaunchTests.swift */,
			);
			path = CarNavigationWithKAITOUITests;
			sourceTree = "<group>";
		};
/* End PBXGroup section */

/* Begin PBXNativeTarget section */
		8F6E8FCD2AE74FF300803D74 /* CarNavigationWithKAITO */ = {
			isa = PBXNativeTarget;
			buildConfigurationList = 8F6E8FF22AE74FF400803D74 /* Build configuration list for PBXNativeTarget "CarNavigationWithKAITO" */;
			buildPhases = (
				8F6E8FCA2AE74FF300803D74 /* Sources */,
				8F6E8FCB2AE74FF300803D74 /* Frameworks */,
				8F6E8FCC2AE74FF300803D74 /* Resources */,
			);
			buildRules = (
			);
			dependencies = (
			);
			name = CarNavigationWithKAITO;
			productName = CarNavigationWithKAITO;
			productReference = 8F6E8FCE2AE74FF300803D74 /* CarNavigationWithKAITO.app */;
			productType = "com.apple.product-type.application";
		};
		8F6E8FDD2AE74FF400803D74 /* CarNavigationWithKAITOTests */ = {
			isa = PBXNativeTarget;
			buildConfigurationList = 8F6E8FF52AE74FF400803D74 /* Build configuration list for PBXNativeTarget "CarNavigationWithKAITOTests" */;
			buildPhases = (
				8F6E8FDA2AE74FF400803D74 /* Sources */,
				8F6E8FDB2AE74FF400803D74 /* Frameworks */,
				8F6E8FDC2AE74FF400803D74 /* Resources */,
			);
			buildRules = (
			);
			dependencies = (
				8F6E8FE02AE74FF400803D74 /* PBXTargetDependency */,
			);
			name = CarNavigationWithKAITOTests;
			productName = CarNavigationWithKAITOTests;
			productReference = 8F6E8FDE2AE74FF400803D74 /* CarNavigationWithKAITOTests.xctest */;
			productType = "com.apple.product-type.bundle.unit-test";
		};
		8F6E8FE72AE74FF400803D74 /* CarNavigationWithKAITOUITests */ = {
			isa = PBXNativeTarget;
			buildConfigurationList = 8F6E8FF82AE74FF400803D74 /* Build configuration list for PBXNativeTarget "CarNavigationWithKAITOUITests" */;
			buildPhases = (
				8F6E8FE42AE74FF400803D74 /* Sources */,
				8F6E8FE52AE74FF400803D74 /* Frameworks */,
				8F6E8FE62AE74FF400803D74 /* Resources */,
			);
			buildRules = (
			);
			dependencies = (
				8F6E8FEA2AE74FF400803D74 /* PBXTargetDependency */,
			);
			name = CarNavigationWithKAITOUITests;
			productName = CarNavigationWithKAITOUITests;
			productReference = 8F6E8FE82AE74FF400803D74 /* CarNavigationWithKAITOUITests.xctest */;
			productType = "com.apple.product-type.bundle.ui-testing";
		};
/* End PBXNativeTarget section */

/* Begin PBXProject section */
		8F6E8FC62AE74FF300803D74 /* Project object */ = {
			isa = PBXProject;
			attributes = {
				BuildIndependentTargetsInParallel = 1;
				LastSwiftUpdateCheck = 1500;
				LastUpgradeCheck = 1500;
				TargetAttributes = {
					8F6E8FCD2AE74FF300803D74 = {
						CreatedOnToolsVersion = 15.0.1;
					};
					8F6E8FDD2AE74FF400803D74 = {
						CreatedOnToolsVersion = 15.0.1;
						TestTargetID = 8F6E8FCD2AE74FF300803D74;
					};
					8F6E8FE72AE74FF400803D74 = {
						CreatedOnToolsVersion = 15.0.1;
						TestTargetID = 8F6E8FCD2AE74FF300803D74;
					};
				};
			};
			buildConfigurationList = 8F6E8FC92AE74FF300803D74 /* Build configuration list for PBXProject "CarNavigationWithKAITO" */;
			compatibilityVersion = "Xcode 14.0";
			developmentRegion = en;
			hasScannedForEncodings = 0;
			knownRegions = (
				en,
				Base,
			);
			mainGroup = 8F6E8FC52AE74FF300803D74;
			productRefGroup = 8F6E8FCF2AE74FF300803D74 /* Products */;
			projectDirPath = "";
			projectRoot = "";
			targets = (
				8F6E8FCD2AE74FF300803D74 /* CarNavigationWithKAITO */,
				8F6E8FDD2AE74FF400803D74 /* CarNavigationWithKAITOTests */,
				8F6E8FE72AE74FF400803D74 /* CarNavigationWithKAITOUITests */,
			);
		};
/* End PBXProject section */

/* Begin PBXResourcesBuildPhase section */
		8F6E8FCC2AE74FF300803D74 /* Resources */ = {
			isa = PBXResourcesBuildPhase;
			buildActionMask = 2147483647;
			files = (
				8F6E8FD92AE74FF300803D74 /* Preview Assets.xcassets in Resources */,
				8F6E8FD62AE74FF300803D74 /* Assets.xcassets in Resources */,
			);
			runOnlyForDeploymentPostprocessing = 0;
		};
		8F6E8FDC2AE74FF400803D74 /* Resources */ = {
			isa = PBXResourcesBuildPhase;
			buildActionMask = 2147483647;
			files = (
			);
			runOnlyForDeploymentPostprocessing = 0;
		};
		8F6E8FE62AE74FF400803D74 /* Resources */ = {
			isa = PBXResourcesBuildPhase;
			buildActionMask = 2147483647;
			files = (
			);
			runOnlyForDeploymentPostprocessing = 0;
		};
/* End PBXResourcesBuildPhase section */

/* Begin PBXSourcesBuildPhase section */
		8F6E8FCA2AE74FF300803D74 /* Sources */ = {
			isa = PBXSourcesBuildPhase;
			buildActionMask = 2147483647;
			files = (
				8F6E8FD42AE74FF300803D74 /* ContentView.swift in Sources */,
				8F6E8FD22AE74FF300803D74 /* CarNavigationWithKAITOApp.swift in Sources */,
			);
			runOnlyForDeploymentPostprocessing = 0;
		};
		8F6E8FDA2AE74FF400803D74 /* Sources */ = {
			isa = PBXSourcesBuildPhase;
			buildActionMask = 2147483647;
			files = (
				8F6E8FE32AE74FF400803D74 /* CarNavigationWithKAITOTests.swift in Sources */,
			);
			runOnlyForDeploymentPostprocessing = 0;
		};
		8F6E8FE42AE74FF400803D74 /* Sources */ = {
			isa = PBXSourcesBuildPhase;
			buildActionMask = 2147483647;
			files = (
				8F6E8FEF2AE74FF400803D74 /* CarNavigationWithKAITOUITestsLaunchTests.swift in Sources */,
				8F6E8FED2AE74FF400803D74 /* CarNavigationWithKAITOUITests.swift in Sources */,
			);
			runOnlyForDeploymentPostprocessing = 0;
		};
/* End PBXSourcesBuildPhase section */

/* Begin PBXTargetDependency section */
		8F6E8FE02AE74FF400803D74 /* PBXTargetDependency */ = {
			isa = PBXTargetDependency;
			target = 8F6E8FCD2AE74FF300803D74 /* CarNavigationWithKAITO */;
			targetProxy = 8F6E8FDF2AE74FF400803D74 /* PBXContainerItemProxy */;
		};
		8F6E8FEA2AE74FF400803D74 /* PBXTargetDependency */ = {
			isa = PBXTargetDependency;
			target = 8F6E8FCD2AE74FF300803D74 /* CarNavigationWithKAITO */;
			targetProxy = 8F6E8FE92AE74FF400803D74 /* PBXContainerItemProxy */;
		};
/* End PBXTargetDependency section */

/* Begin XCBuildConfiguration section */
		8F6E8FF02AE74FF400803D74 /* Debug */ = {
			isa = XCBuildConfiguration;
			buildSettings = {
				ALWAYS_SEARCH_USER_PATHS = NO;
				ASSETCATALOG_COMPILER_GENERATE_SWIFT_ASSET_SYMBOL_EXTENSIONS = YES;
				CLANG_ANALYZER_NONNULL = YES;
				CLANG_ANALYZER_NUMBER_OBJECT_CONVERSION = YES_AGGRESSIVE;
				CLANG_CXX_LANGUAGE_STANDARD = "gnu++20";
				CLANG_ENABLE_MODULES = YES;
				CLANG_ENABLE_OBJC_ARC = YES;
				CLANG_ENABLE_OBJC_WEAK = YES;
				CLANG_WARN_BLOCK_CAPTURE_AUTORELEASING = YES;
				CLANG_WARN_BOOL_CONVERSION = YES;
				CLANG_WARN_COMMA = YES;
				CLANG_WARN_CONSTANT_CONVERSION = YES;
				CLANG_WARN_DEPRECATED_OBJC_IMPLEMENTATIONS = YES;
				CLANG_WARN_DIRECT_OBJC_ISA_USAGE = YES_ERROR;
				CLANG_WARN_DOCUMENTATION_COMMENTS = YES;
				CLANG_WARN_EMPTY_BODY = YES;
				CLANG_WARN_ENUM_CONVERSION = YES;
				CLANG_WARN_INFINITE_RECURSION = YES;
				CLANG_WARN_INT_CONVERSION = YES;
				CLANG_WARN_NON_LITERAL_NULL_CONVERSION = YES;
				CLANG_WARN_OBJC_IMPLICIT_RETAIN_SELF = YES;
				CLANG_WARN_OBJC_LITERAL_CONVERSION = YES;
				CLANG_WARN_OBJC_ROOT_CLASS = YES_ERROR;
				CLANG_WARN_QUOTED_INCLUDE_IN_FRAMEWORK_HEADER = YES;
				CLANG_WARN_RANGE_LOOP_ANALYSIS = YES;
				CLANG_WARN_STRICT_PROTOTYPES = YES;
				CLANG_WARN_SUSPICIOUS_MOVE = YES;
				CLANG_WARN_UNGUARDED_AVAILABILITY = YES_AGGRESSIVE;
				CLANG_WARN_UNREACHABLE_CODE = YES;
				CLANG_WARN__DUPLICATE_METHOD_MATCH = YES;
				COPY_PHASE_STRIP = NO;
				DEBUG_INFORMATION_FORMAT = dwarf;
				ENABLE_STRICT_OBJC_MSGSEND = YES;
				ENABLE_TESTABILITY = YES;
				ENABLE_USER_SCRIPT_SANDBOXING = YES;
				GCC_C_LANGUAGE_STANDARD = gnu17;
				GCC_DYNAMIC_NO_PIC = NO;
				GCC_NO_COMMON_BLOCKS = YES;
				GCC_OPTIMIZATION_LEVEL = 0;
				GCC_PREPROCESSOR_DEFINITIONS = (
					"DEBUG=1",
					"$(inherited)",
				);
				GCC_WARN_64_TO_32_BIT_CONVERSION = YES;
				GCC_WARN_ABOUT_RETURN_TYPE = YES_ERROR;
				GCC_WARN_UNDECLARED_SELECTOR = YES;
				GCC_WARN_UNINITIALIZED_AUTOS = YES_AGGRESSIVE;
				GCC_WARN_UNUSED_FUNCTION = YES;
				GCC_WARN_UNUSED_VARIABLE = YES;
				IPHONEOS_DEPLOYMENT_TARGET = 17.0;
				LOCALIZATION_PREFERS_STRING_CATALOGS = YES;
				MTL_ENABLE_DEBUG_INFO = INCLUDE_SOURCE;
				MTL_FAST_MATH = YES;
				ONLY_ACTIVE_ARCH = YES;
				SDKROOT = iphoneos;
				SWIFT_ACTIVE_COMPILATION_CONDITIONS = "DEBUG $(inherited)";
				SWIFT_OPTIMIZATION_LEVEL = "-Onone";
			};
			name = Debug;
		};
		8F6E8FF12AE74FF400803D74 /* Release */ = {
			isa = XCBuildConfiguration;
			buildSettings = {
				ALWAYS_SEARCH_USER_PATHS = NO;
				ASSETCATALOG_COMPILER_GENERATE_SWIFT_ASSET_SYMBOL_EXTENSIONS = YES;
				CLANG_ANALYZER_NONNULL = YES;
				CLANG_ANALYZER_NUMBER_OBJECT_CONVERSION = YES_AGGRESSIVE;
				CLANG_CXX_LANGUAGE_STANDARD = "gnu++20";
				CLANG_ENABLE_MODULES = YES;
				CLANG_ENABLE_OBJC_ARC = YES;
				CLANG_ENABLE_OBJC_WEAK = YES;
				CLANG_WARN_BLOCK_CAPTURE_AUTORELEASING = YES;
				CLANG_WARN_BOOL_CONVERSION = YES;
				CLANG_WARN_COMMA = YES;
				CLANG_WARN_CONSTANT_CONVERSION = YES;
				CLANG_WARN_DEPRECATED_OBJC_IMPLEMENTATIONS = YES;
				CLANG_WARN_DIRECT_OBJC_ISA_USAGE = YES_ERROR;
				CLANG_WARN_DOCUMENTATION_COMMENTS = YES;
				CLANG_WARN_EMPTY_BODY = YES;
				CLANG_WARN_ENUM_CONVERSION = YES;
				CLANG_WARN_INFINITE_RECURSION = YES;
				CLANG_WARN_INT_CONVERSION = YES;
				CLANG_WARN_NON_LITERAL_NULL_CONVERSION = YES;
				CLANG_WARN_OBJC_IMPLICIT_RETAIN_SELF = YES;
				CLANG_WARN_OBJC_LITERAL_CONVERSION = YES;
				CLANG_WARN_OBJC_ROOT_CLASS = YES_ERROR;
				CLANG_WARN_QUOTED_INCLUDE_IN_FRAMEWORK_HEADER = YES;
				CLANG_WARN_RANGE_LOOP_ANALYSIS = YES;
				CLANG_WARN_STRICT_PROTOTYPES = YES;
				CLANG_WARN_SUSPICIOUS_MOVE = YES;
				CLANG_WARN_UNGUARDED_AVAILABILITY = YES_AGGRESSIVE;
				CLANG_WARN_UNREACHABLE_CODE = YES;
				CLANG_WARN__DUPLICATE_METHOD_MATCH = YES;
				COPY_PHASE_STRIP = NO;
				DEBUG_INFORMATION_FORMAT = "dwarf-with-dsym";
				ENABLE_NS_ASSERTIONS = NO;
				ENABLE_STRICT_OBJC_MSGSEND = YES;
				ENABLE_USER_SCRIPT_SANDBOXING = YES;
				GCC_C_LANGUAGE_STANDARD = gnu17;
				GCC_NO_COMMON_BLOCKS = YES;
				GCC_WARN_64_TO_32_BIT_CONVERSION = YES;
				GCC_WARN_ABOUT_RETURN_TYPE = YES_ERROR;
				GCC_WARN_UNDECLARED_SELECTOR = YES;
				GCC_WARN_UNINITIALIZED_AUTOS = YES_AGGRESSIVE;
				GCC_WARN_UNUSED_FUNCTION = YES;
				GCC_WARN_UNUSED_VARIABLE = YES;
				IPHONEOS_DEPLOYMENT_TARGET = 17.0;
				LOCALIZATION_PREFERS_STRING_CATALOGS = YES;
				MTL_ENABLE_DEBUG_INFO = NO;
				MTL_FAST_MATH = YES;
				SDKROOT = iphoneos;
				SWIFT_COMPILATION_MODE = wholemodule;
				VALIDATE_PRODUCT = YES;
			};
			name = Release;
		};
		8F6E8FF32AE74FF400803D74 /* Debug */ = {
			isa = XCBuildConfiguration;
			buildSettings = {
				ASSETCATALOG_COMPILER_APPICON_NAME = AppIcon;
				ASSETCATALOG_COMPILER_GLOBAL_ACCENT_COLOR_NAME = AccentColor;
				CODE_SIGN_STYLE = Automatic;
				CURRENT_PROJECT_VERSION = 1;
				DEVELOPMENT_ASSET_PATHS = "\"CarNavigationWithKAITO/Preview Content\"";
				ENABLE_PREVIEWS = YES;
				GENERATE_INFOPLIST_FILE = YES;
				INFOPLIST_KEY_UIApplicationSceneManifest_Generation = YES;
				INFOPLIST_KEY_UIApplicationSupportsIndirectInputEvents = YES;
				INFOPLIST_KEY_UILaunchScreen_Generation = YES;
				INFOPLIST_KEY_UISupportedInterfaceOrientations_iPad = "UIInterfaceOrientationPortrait UIInterfaceOrientationPortraitUpsideDown UIInterfaceOrientationLandscapeLeft UIInterfaceOrientationLandscapeRight";
				INFOPLIST_KEY_UISupportedInterfaceOrientations_iPhone = "UIInterfaceOrientationPortrait UIInterfaceOrientationLandscapeLeft UIInterfaceOrientationLandscapeRight";
				LD_RUNPATH_SEARCH_PATHS = (
					"$(inherited)",
					"@executable_path/Frameworks",
				);
				MARKETING_VERSION = 1.0;
				PRODUCT_BUNDLE_IDENTIFIER = KanonTonto.CarNavigationWithKAITO;
				PRODUCT_NAME = "$(TARGET_NAME)";
				SWIFT_EMIT_LOC_STRINGS = YES;
				SWIFT_VERSION = 5.0;
				TARGETED_DEVICE_FAMILY = "1,2";
			};
			name = Debug;
		};
		8F6E8FF42AE74FF400803D74 /* Release */ = {
			isa = XCBuildConfiguration;
			buildSettings = {
				ASSETCATALOG_COMPILER_APPICON_NAME = AppIcon;
				ASSETCATALOG_COMPILER_GLOBAL_ACCENT_COLOR_NAME = AccentColor;
				CODE_SIGN_STYLE = Automatic;
				CURRENT_PROJECT_VERSION = 1;
				DEVELOPMENT_ASSET_PATHS = "\"CarNavigationWithKAITO/Preview Content\"";
				ENABLE_PREVIEWS = YES;
				GENERATE_INFOPLIST_FILE = YES;
				INFOPLIST_KEY_UIApplicationSceneManifest_Generation = YES;
				INFOPLIST_KEY_UIApplicationSupportsIndirectInputEvents = YES;
				INFOPLIST_KEY_UILaunchScreen_Generation = YES;
				INFOPLIST_KEY_UISupportedInterfaceOrientations_iPad = "UIInterfaceOrientationPortrait UIInterfaceOrientationPortraitUpsideDown UIInterfaceOrientationLandscapeLeft UIInterfaceOrientationLandscapeRight";
				INFOPLIST_KEY_UISupportedInterfaceOrientations_iPhone = "UIInterfaceOrientationPortrait UIInterfaceOrientationLandscapeLeft UIInterfaceOrientationLandscapeRight";
				LD_RUNPATH_SEARCH_PATHS = (
					"$(inherited)",
					"@executable_path/Frameworks",
				);
				MARKETING_VERSION = 1.0;
				PRODUCT_BUNDLE_IDENTIFIER = KanonTonto.CarNavigationWithKAITO;
				PRODUCT_NAME = "$(TARGET_NAME)";
				SWIFT_EMIT_LOC_STRINGS = YES;
				SWIFT_VERSION = 5.0;
				TARGETED_DEVICE_FAMILY = "1,2";
			};
			name = Release;
		};
		8F6E8FF62AE74FF400803D74 /* Debug */ = {
			isa = XCBuildConfiguration;
			buildSettings = {
				ALWAYS_EMBED_SWIFT_STANDARD_LIBRARIES = YES;
				BUNDLE_LOADER = "$(TEST_HOST)";
				CODE_SIGN_STYLE = Automatic;
				CURRENT_PROJECT_VERSION = 1;
				GENERATE_INFOPLIST_FILE = YES;
				IPHONEOS_DEPLOYMENT_TARGET = 17.0;
				MARKETING_VERSION = 1.0;
				PRODUCT_BUNDLE_IDENTIFIER = KanonTonto.CarNavigationWithKAITOTests;
				PRODUCT_NAME = "$(TARGET_NAME)";
				SWIFT_EMIT_LOC_STRINGS = NO;
				SWIFT_VERSION = 5.0;
				TARGETED_DEVICE_FAMILY = "1,2";
				TEST_HOST = "$(BUILT_PRODUCTS_DIR)/CarNavigationWithKAITO.app/$(BUNDLE_EXECUTABLE_FOLDER_PATH)/CarNavigationWithKAITO";
			};
			name = Debug;
		};
		8F6E8FF72AE74FF400803D74 /* Release */ = {
			isa = XCBuildConfiguration;
			buildSettings = {
				ALWAYS_EMBED_SWIFT_STANDARD_LIBRARIES = YES;
				BUNDLE_LOADER = "$(TEST_HOST)";
				CODE_SIGN_STYLE = Automatic;
				CURRENT_PROJECT_VERSION = 1;
				GENERATE_INFOPLIST_FILE = YES;
				IPHONEOS_DEPLOYMENT_TARGET = 17.0;
				MARKETING_VERSION = 1.0;
				PRODUCT_BUNDLE_IDENTIFIER = KanonTonto.CarNavigationWithKAITOTests;
				PRODUCT_NAME = "$(TARGET_NAME)";
				SWIFT_EMIT_LOC_STRINGS = NO;
				SWIFT_VERSION = 5.0;
				TARGETED_DEVICE_FAMILY = "1,2";
				TEST_HOST = "$(BUILT_PRODUCTS_DIR)/CarNavigationWithKAITO.app/$(BUNDLE_EXECUTABLE_FOLDER_PATH)/CarNavigationWithKAITO";
			};
			name = Release;
		};
		8F6E8FF92AE74FF400803D74 /* Debug */ = {
			isa = XCBuildConfiguration;
			buildSettings = {
				ALWAYS_EMBED_SWIFT_STANDARD_LIBRARIES = YES;
				CODE_SIGN_STYLE = Automatic;
				CURRENT_PROJECT_VERSION = 1;
				GENERATE_INFOPLIST_FILE = YES;
				MARKETING_VERSION = 1.0;
				PRODUCT_BUNDLE_IDENTIFIER = KanonTonto.CarNavigationWithKAITOUITests;
				PRODUCT_NAME = "$(TARGET_NAME)";
				SWIFT_EMIT_LOC_STRINGS = NO;
				SWIFT_VERSION = 5.0;
				TARGETED_DEVICE_FAMILY = "1,2";
				TEST_TARGET_NAME = CarNavigationWithKAITO;
			};
			name = Debug;
		};
		8F6E8FFA2AE74FF400803D74 /* Release */ = {
			isa = XCBuildConfiguration;
			buildSettings = {
				ALWAYS_EMBED_SWIFT_STANDARD_LIBRARIES = YES;
				CODE_SIGN_STYLE = Automatic;
				CURRENT_PROJECT_VERSION = 1;
				GENERATE_INFOPLIST_FILE = YES;
				MARKETING_VERSION = 1.0;
				PRODUCT_BUNDLE_IDENTIFIER = KanonTonto.CarNavigationWithKAITOUITests;
				PRODUCT_NAME = "$(TARGET_NAME)";
				SWIFT_EMIT_LOC_STRINGS = NO;
				SWIFT_VERSION = 5.0;
				TARGETED_DEVICE_FAMILY = "1,2";
				TEST_TARGET_NAME = CarNavigationWithKAITO;
			};
			name = Release;
		};
/* End XCBuildConfiguration section */

/* Begin XCConfigurationList section */
		8F6E8FC92AE74FF300803D74 /* Build configuration list for PBXProject "CarNavigationWithKAITO" */ = {
			isa = XCConfigurationList;
			buildConfigurations = (
				8F6E8FF02AE74FF400803D74 /* Debug */,
				8F6E8FF12AE74FF400803D74 /* Release */,
			);
			defaultConfigurationIsVisible = 0;
			defaultConfigurationName = Release;
		};
		8F6E8FF22AE74FF400803D74 /* Build configuration list for PBXNativeTarget "CarNavigationWithKAITO" */ = {
			isa = XCConfigurationList;
			buildConfigurations = (
				8F6E8FF32AE74FF400803D74 /* Debug */,
				8F6E8FF42AE74FF400803D74 /* Release */,
			);
			defaultConfigurationIsVisible = 0;
			defaultConfigurationName = Release;
		};
		8F6E8FF52AE74FF400803D74 /* Build configuration list for PBXNativeTarget "CarNavigationWithKAITOTests" */ = {
			isa = XCConfigurationList;
			buildConfigurations = (
				8F6E8FF62AE74FF400803D74 /* Debug */,
				8F6E8FF72AE74FF400803D74 /* Release */,
			);
			defaultConfigurationIsVisible = 0;
			defaultConfigurationName = Release;
		};
		8F6E8FF82AE74FF400803D74 /* Build configuration list for PBXNativeTarget "CarNavigationWithKAITOUITests" */ = {
			isa = XCConfigurationList;
			buildConfigurations = (
				8F6E8FF92AE74FF400803D74 /* Debug */,
				8F6E8FFA2AE74FF400803D74 /* Release */,
			);
			defaultConfigurationIsVisible = 0;
			defaultConfigurationName = Release;
		};
/* End XCConfigurationList section */
	};
	rootObject = 8F6E8FC62AE74FF300803D74 /* Project object */;
}
